
Microsoft Visual Studio Solution File, Format Version 12.00
# Visual Studio Version 17
VisualStudioVersion = 17.14.36414.22
MinimumVisualStudioVersion = 10.0.40219.1
Project("{FAE04EC0-301F-11D3-BF4B-00C04F79EFBC}") = "Buoi02_Bai_4.7", "Buoi02_Bai_4.7\Buoi02_Bai_4.7.csproj", "{422B57B6-B862-DCB6-9483-8B70230AE84F}"
EndProject
Project("{FAE04EC0-301F-11D3-BF4B-00C04F79EFBC}") = "Buoi02_Bai_4.6", "Buoi02_Bai_4.6\Buoi02_Bai_4.6.csproj", "{B17CB7D2-4DF6-982C-B9C0-EC3E2C03E054}"
EndProject
Project("{FAE04EC0-301F-11D3-BF4B-00C04F79EFBC}") = "Buoi02_Bai_4.5", "Buoi02_Bai_4.5\Buoi02_Bai_4.5.csproj", "{7991D25D-C924-5BBB-7591-DD57C7386BB0}"
EndProject
Project("{FAE04EC0-301F-11D3-BF4B-00C04F79EFBC}") = "Buoi02_Bai_4.4", "Buoi02_Bai_4.4\Buoi02_Bai_4.4.csproj", "{B8E8EC3C-9407-E959-940A-8C23A94257E4}"
EndProject
Project("{FAE04EC0-301F-11D3-BF4B-00C04F79EFBC}") = "Buoi02_Bai_4.3", "Buoi02_Bai_4.3\Buoi02_Bai_4.3.csproj", "{11F124CA-C064-879B-67EA-51E651ABB0EA}"
EndProject
Project("{FAE04EC0-301F-11D3-BF4B-00C04F79EFBC}") = "Buoi02_Bai_4.2", "Buoi02_Bai_4.2\Buoi02_Bai_4.2.csproj", "{A2D816C6-912E-F852-E06F-73A64588A91C}"
EndProject
Project("{FAE04EC0-301F-11D3-BF4B-00C04F79EFBC}") = "Buoi02_Bai_4.1", "Buoi02_Bai_4.1\Buoi02_Bai_4.1.csproj", "{CE591B9D-A9E1-062D-69E9-5DC5F7624883}"
EndProject
Project("{FAE04EC0-301F-11D3-BF4B-00C04F79EFBC}") = "Buoi02_Bai_3.4", "Buoi02_Bai_3.4\Buoi02_Bai_3.4.csproj", "{CE2D9702-C070-BB55-CA88-AD44979DA410}"
EndProject
Project("{FAE04EC0-301F-11D3-BF4B-00C04F79EFBC}") = "Buoi02_Bai_3.3", "Buoi02_Bai_3.3\Buoi02_Bai_3.3.csproj", "{C1BDEE33-D8FC-73F5-CAA0-B9CDA5437B4E}"
EndProject
Project("{FAE04EC0-301F-11D3-BF4B-00C04F79EFBC}") = "Buoi02_Bai_3.2", "Buoi02_Bai_3.2\Buoi02_Bai_3.2.csproj", "{79A61786-4DFB-C6F9-B1A0-2187BC43E31F}"
EndProject
Project("{FAE04EC0-301F-11D3-BF4B-00C04F79EFBC}") = "Buoi02_Bai_3.1", "Buoi02_Bai_3.1\Buoi02_Bai_3.1.csproj", "{1D2C9CD2-229C-85DE-805C-CA4CAC2951A9}"
EndProject
Project("{FAE04EC0-301F-11D3-BF4B-00C04F79EFBC}") = "Buoi02_Bai_2.9", "Buoi02_Bai_2.9\Buoi02_Bai_2.9.csproj", "{A33DD189-F87C-7375-343D-E70496428AC8}"
EndProject
Project("{FAE04EC0-301F-11D3-BF4B-00C04F79EFBC}") = "Buoi02_Bai_2.8", "Buoi02_Bai_2.8\Buoi02_Bai_2.8.csproj", "{C2CF1F21-DF37-B655-34F0-BA985ECC1538}"
EndProject
Project("{FAE04EC0-301F-11D3-BF4B-00C04F79EFBC}") = "Buoi02_Bai_2.7", "Buoi02_Bai_2.7\Buoi02_Bai_2.7.csproj", "{AE52B9AF-D9BA-94DA-54B8-04B5DAD36CA2}"
EndProject
Project("{FAE04EC0-301F-11D3-BF4B-00C04F79EFBC}") = "Buoi02_Bai_2.6", "Buoi02_Bai_2.6\Buoi02_Bai_2.6.csproj", "{C112AE9E-EA17-55B8-AB4D-404B92D89B52}"
EndProject
Project("{FAE04EC0-301F-11D3-BF4B-00C04F79EFBC}") = "Buoi02_Bai_2.5", "Buoi02_Bai_2.5\Buoi02_Bai_2.5.csproj", "{0D2253BA-4155-4149-0EA5-A0B0155CE958}"
EndProject
Project("{FAE04EC0-301F-11D3-BF4B-00C04F79EFBC}") = "Buoi02_Bai_2.4", "Buoi02_Bai_2.4\Buoi02_Bai_2.4.csproj", "{E96FCDBF-B7FA-252D-202F-E580E85F5A1F}"
EndProject
Project("{FAE04EC0-301F-11D3-BF4B-00C04F79EFBC}") = "Buoi02_Bai_2.3", "Buoi02_Bai_2.3\Buoi02_Bai_2.3.csproj", "{7412F5A6-C727-5CEF-BA62-B04F06C1382A}"
EndProject
Project("{FAE04EC0-301F-11D3-BF4B-00C04F79EFBC}") = "Buoi02_Bai_2.2", "Buoi02_Bai_2.2\Buoi02_Bai_2.2.csproj", "{A5DFE2E3-4C8A-7430-56F9-99E7BBC4B4AB}"
EndProject
Project("{FAE04EC0-301F-11D3-BF4B-00C04F79EFBC}") = "Buoi02_Bai_2.10", "Buoi02_Bai_2.10\Buoi02_Bai_2.10.csproj", "{2606924A-82C2-A973-4C85-3A0DD30BCAD7}"
EndProject
Project("{FAE04EC0-301F-11D3-BF4B-00C04F79EFBC}") = "Buoi02_Bai_2.1", "Buoi02_Bai_2.1\Buoi02_Bai_2.1.csproj", "{4F4F2E47-87EA-A1A8-4F1F-C97CC25DBE5B}"
EndProject
Project("{FAE04EC0-301F-11D3-BF4B-00C04F79EFBC}") = "Buoi03_Bai_9", "Buoi03_Bai_9\Buoi03_Bai_9.csproj", "{AF7C8EE5-57B6-81BF-ED7B-BB2242D1AD20}"
EndProject
Project("{FAE04EC0-301F-11D3-BF4B-00C04F79EFBC}") = "Buoi03_Bai_8", "Buoi03_Bai_8\Buoi03_Bai_8.csproj", "{7C8A97F7-5C75-A82B-2D02-E6375C101A6B}"
EndProject
Project("{FAE04EC0-301F-11D3-BF4B-00C04F79EFBC}") = "Buoi03_Bai_7", "Buoi03_Bai_7\Buoi03_Bai_7.csproj", "{AC263D29-654E-3811-B9AD-8C8B04CDB363}"
EndProject
Project("{FAE04EC0-301F-11D3-BF4B-00C04F79EFBC}") = "Buoi03_Bai_6", "Buoi03_Bai_6\Buoi03_Bai_6.csproj", "{70789F22-CA5B-E84A-A56C-DC7D0CEA91C4}"
EndProject
Project("{FAE04EC0-301F-11D3-BF4B-00C04F79EFBC}") = "Buoi03_Bai_5", "Buoi03_Bai_5\Buoi03_Bai_5.csproj", "{250DA6ED-84DA-93C9-9727-EE8C4754F4D0}"
EndProject
Project("{FAE04EC0-301F-11D3-BF4B-00C04F79EFBC}") = "Buoi03_Bai_4", "Buoi03_Bai_4\Buoi03_Bai_4.csproj", "{E9191B78-84B5-AB19-3724-987190CF62E3}"
EndProject
Project("{FAE04EC0-301F-11D3-BF4B-00C04F79EFBC}") = "Buoi03_Bai_3", "Buoi03_Bai_3\Buoi03_Bai_3.csproj", "{477A6E69-AD6B-725C-64CD-CBB73144060D}"
EndProject
Project("{FAE04EC0-301F-11D3-BF4B-00C04F79EFBC}") = "Buoi03_Bai_2", "Buoi03_Bai_2\Buoi03_Bai_2.csproj", "{C2151D69-6748-D0D1-D0F4-847CFC64B241}"
EndProject
Project("{FAE04EC0-301F-11D3-BF4B-00C04F79EFBC}") = "Buoi03_Bai_1", "Buoi03_Bai_1\Buoi03_Bai_1.csproj", "{FE18FBA4-31F0-BFFD-4A9F-F67F7521DEDB}"
EndProject
Project("{FAE04EC0-301F-11D3-BF4B-00C04F79EFBC}") = "Buoi04_Bai_1", "Buoi4_Bai_1\Buoi04_Bai_1.csproj", "{9E6A56E2-01D4-4B81-820A-DD5E88B0421C}"
EndProject
Project("{FAE04EC0-301F-11D3-BF4B-00C04F79EFBC}") = "Buoi04_Bai_2", "Buoi04_Bai_2\Buoi04_Bai_2.csproj", "{48B2566C-4CAE-4843-98ED-AE04C6BC3991}"
EndProject
Project("{FAE04EC0-301F-11D3-BF4B-00C04F79EFBC}") = "Buoi04_Bai_3", "Buoi04_Bai_3\Buoi04_Bai_3.csproj", "{9D808993-0810-44F6-875B-ECEFF63898F8}"
EndProject
Project("{FAE04EC0-301F-11D3-BF4B-00C04F79EFBC}") = "Buoi05_Bai_1", "Buoi05_Bai_1\Buoi05_Bai_1.csproj", "{8595DC74-0E52-431B-BE33-1CB1ABE9FB24}"
EndProject
Project("{FAE04EC0-301F-11D3-BF4B-00C04F79EFBC}") = "Buoi05_Bai_2", "Buoi05_Bai_2\Buoi05_Bai_2.csproj", "{56C64341-BA81-40C1-A70F-C5F34C983B36}"
EndProject
Project("{FAE04EC0-301F-11D3-BF4B-00C04F79EFBC}") = "Buoi05_Bai_3", "Buoi05_Bai_3\Buoi05_Bai_3.csproj", "{925788D0-505D-46E3-B2CF-25506953913F}"
EndProject
Project("{FAE04EC0-301F-11D3-BF4B-00C04F79EFBC}") = "Buoi05_Bai_4", "Buoi05_Bai_4\Buoi05_Bai_4.csproj", "{6A3B239E-26FE-C630-B4CA-4DEC1A313391}"
EndProject
Project("{FAE04EC0-301F-11D3-BF4B-00C04F79EFBC}") = "Buoi05_Bai_5", "Buoi05_Bai_5\Buoi05_Bai_5.csproj", "{AC85618E-9FD0-4808-9ED1-C6973798FF10}"
EndProject
Project("{FAE04EC0-301F-11D3-BF4B-00C04F79EFBC}") = "Buoi05_Bai_6", "Buoi05_Bai_6\Buoi05_Bai_6.csproj", "{A04EE6F2-167B-4BFB-BDE5-8E74C79AE792}"
EndProject
Project("{FAE04EC0-301F-11D3-BF4B-00C04F79EFBC}") = "Buoi05_Bai_7", "Buoi05_Bai_7\Buoi05_Bai_7.csproj", "{5852FA23-E5C5-4969-9534-1803CF5CBC15}"
EndProject
Project("{FAE04EC0-301F-11D3-BF4B-00C04F79EFBC}") = "Buoi06_Bai_1", "Buoi06_Bai_1\Buoi06_Bai_1.csproj", "{7F3BA5BA-937B-4581-AF15-530278540176}"
EndProject
Project("{FAE04EC0-301F-11D3-BF4B-00C04F79EFBC}") = "Buoi06_Bai_2", "Buoi06_Bai_2\Buoi06_Bai_2.csproj", "{4F7FBCAA-F71A-4074-A6CB-B338622BCB7A}"
EndProject
Project("{FAE04EC0-301F-11D3-BF4B-00C04F79EFBC}") = "Buoi06_Bai_3", "Buoi06_Bai_3\Buoi06_Bai_3.csproj", "{8A016942-A48E-41AD-8EF2-8FD3F4F2C5AF}"
EndProject
Project("{FAE04EC0-301F-11D3-BF4B-00C04F79EFBC}") = "Buoi06_Bai_4", "Buoi06_Bai_4\Buoi06_Bai_4.csproj", "{F877BFD9-4716-49D3-A8F3-979AA1E99A11}"
EndProject
Project("{FAE04EC0-301F-11D3-BF4B-00C04F79EFBC}") = "Buoi07_Bai_1", "Buoi07_Bai_1\Buoi07_Bai_1.csproj", "{D98E4C96-732A-4B5E-8FAC-36BE0D5A8041}"
EndProject
Project("{FAE04EC0-301F-11D3-BF4B-00C04F79EFBC}") = "Buoi07_Bai_2", "Buoi07_Bai_2\Buoi07_Bai_2.csproj", "{95A5C1A4-F464-47DA-A6AC-924245363386}"
EndProject
Project("{FAE04EC0-301F-11D3-BF4B-00C04F79EFBC}") = "Buoi07_Bai_3", "Buoi07_Bai_3\Buoi07_Bai_3.csproj", "{A6CB86C4-C99D-44AC-8775-63DEF5C1F03D}"
EndProject
Project("{FAE04EC0-301F-11D3-BF4B-00C04F79EFBC}") = "Buoi07_Bai_4", "Buoi07_Bai_4\Buoi07_Bai_4.csproj", "{1BB7981C-1EEA-48C3-8450-70367F84633D}"
EndProject
Project("{FAE04EC0-301F-11D3-BF4B-00C04F79EFBC}") = "Buoi07_Bai_5", "Buoi07_Bai_5\Buoi07_Bai_5.csproj", "{6B5C86FC-F8F6-46C1-9465-8E374FA6B07C}"
EndProject
Project("{FAE04EC0-301F-11D3-BF4B-00C04F79EFBC}") = "Buoi08", "Buoi08\Buoi08.csproj", "{5677F0EA-3564-472A-B109-E27BED4A30FD}"
EndProject
Global
	GlobalSection(SolutionConfigurationPlatforms) = preSolution
		Debug|Any CPU = Debug|Any CPU
		Release|Any CPU = Release|Any CPU
	EndGlobalSection
	GlobalSection(ProjectConfigurationPlatforms) = postSolution
		{422B57B6-B862-DCB6-9483-8B70230AE84F}.Debug|Any CPU.ActiveCfg = Debug|Any CPU
		{422B57B6-B862-DCB6-9483-8B70230AE84F}.Debug|Any CPU.Build.0 = Debug|Any CPU
		{422B57B6-B862-DCB6-9483-8B70230AE84F}.Release|Any CPU.ActiveCfg = Release|Any CPU
		{422B57B6-B862-DCB6-9483-8B70230AE84F}.Release|Any CPU.Build.0 = Release|Any CPU
		{B17CB7D2-4DF6-982C-B9C0-EC3E2C03E054}.Debug|Any CPU.ActiveCfg = Debug|Any CPU
		{B17CB7D2-4DF6-982C-B9C0-EC3E2C03E054}.Debug|Any CPU.Build.0 = Debug|Any CPU
		{B17CB7D2-4DF6-982C-B9C0-EC3E2C03E054}.Release|Any CPU.ActiveCfg = Release|Any CPU
		{B17CB7D2-4DF6-982C-B9C0-EC3E2C03E054}.Release|Any CPU.Build.0 = Release|Any CPU
		{7991D25D-C924-5BBB-7591-DD57C7386BB0}.Debug|Any CPU.ActiveCfg = Debug|Any CPU
		{7991D25D-C924-5BBB-7591-DD57C7386BB0}.Debug|Any CPU.Build.0 = Debug|Any CPU
		{7991D25D-C924-5BBB-7591-DD57C7386BB0}.Release|Any CPU.ActiveCfg = Release|Any CPU
		{7991D25D-C924-5BBB-7591-DD57C7386BB0}.Release|Any CPU.Build.0 = Release|Any CPU
		{B8E8EC3C-9407-E959-940A-8C23A94257E4}.Debug|Any CPU.ActiveCfg = Debug|Any CPU
		{B8E8EC3C-9407-E959-940A-8C23A94257E4}.Debug|Any CPU.Build.0 = Debug|Any CPU
		{B8E8EC3C-9407-E959-940A-8C23A94257E4}.Release|Any CPU.ActiveCfg = Release|Any CPU
		{B8E8EC3C-9407-E959-940A-8C23A94257E4}.Release|Any CPU.Build.0 = Release|Any CPU
		{11F124CA-C064-879B-67EA-51E651ABB0EA}.Debug|Any CPU.ActiveCfg = Debug|Any CPU
		{11F124CA-C064-879B-67EA-51E651ABB0EA}.Debug|Any CPU.Build.0 = Debug|Any CPU
		{11F124CA-C064-879B-67EA-51E651ABB0EA}.Release|Any CPU.ActiveCfg = Release|Any CPU
		{11F124CA-C064-879B-67EA-51E651ABB0EA}.Release|Any CPU.Build.0 = Release|Any CPU
		{A2D816C6-912E-F852-E06F-73A64588A91C}.Debug|Any CPU.ActiveCfg = Debug|Any CPU
		{A2D816C6-912E-F852-E06F-73A64588A91C}.Debug|Any CPU.Build.0 = Debug|Any CPU
		{A2D816C6-912E-F852-E06F-73A64588A91C}.Release|Any CPU.ActiveCfg = Release|Any CPU
		{A2D816C6-912E-F852-E06F-73A64588A91C}.Release|Any CPU.Build.0 = Release|Any CPU
		{CE591B9D-A9E1-062D-69E9-5DC5F7624883}.Debug|Any CPU.ActiveCfg = Debug|Any CPU
		{CE591B9D-A9E1-062D-69E9-5DC5F7624883}.Debug|Any CPU.Build.0 = Debug|Any CPU
		{CE591B9D-A9E1-062D-69E9-5DC5F7624883}.Release|Any CPU.ActiveCfg = Release|Any CPU
		{CE591B9D-A9E1-062D-69E9-5DC5F7624883}.Release|Any CPU.Build.0 = Release|Any CPU
		{CE2D9702-C070-BB55-CA88-AD44979DA410}.Debug|Any CPU.ActiveCfg = Debug|Any CPU
		{CE2D9702-C070-BB55-CA88-AD44979DA410}.Debug|Any CPU.Build.0 = Debug|Any CPU
		{CE2D9702-C070-BB55-CA88-AD44979DA410}.Release|Any CPU.ActiveCfg = Release|Any CPU
		{CE2D9702-C070-BB55-CA88-AD44979DA410}.Release|Any CPU.Build.0 = Release|Any CPU
		{C1BDEE33-D8FC-73F5-CAA0-B9CDA5437B4E}.Debug|Any CPU.ActiveCfg = Debug|Any CPU
		{C1BDEE33-D8FC-73F5-CAA0-B9CDA5437B4E}.Debug|Any CPU.Build.0 = Debug|Any CPU
		{C1BDEE33-D8FC-73F5-CAA0-B9CDA5437B4E}.Release|Any CPU.ActiveCfg = Release|Any CPU
		{C1BDEE33-D8FC-73F5-CAA0-B9CDA5437B4E}.Release|Any CPU.Build.0 = Release|Any CPU
		{79A61786-4DFB-C6F9-B1A0-2187BC43E31F}.Debug|Any CPU.ActiveCfg = Debug|Any CPU
		{79A61786-4DFB-C6F9-B1A0-2187BC43E31F}.Debug|Any CPU.Build.0 = Debug|Any CPU
		{79A61786-4DFB-C6F9-B1A0-2187BC43E31F}.Release|Any CPU.ActiveCfg = Release|Any CPU
		{79A61786-4DFB-C6F9-B1A0-2187BC43E31F}.Release|Any CPU.Build.0 = Release|Any CPU
		{1D2C9CD2-229C-85DE-805C-CA4CAC2951A9}.Debug|Any CPU.ActiveCfg = Debug|Any CPU
		{1D2C9CD2-229C-85DE-805C-CA4CAC2951A9}.Debug|Any CPU.Build.0 = Debug|Any CPU
		{1D2C9CD2-229C-85DE-805C-CA4CAC2951A9}.Release|Any CPU.ActiveCfg = Release|Any CPU
		{1D2C9CD2-229C-85DE-805C-CA4CAC2951A9}.Release|Any CPU.Build.0 = Release|Any CPU
		{A33DD189-F87C-7375-343D-E70496428AC8}.Debug|Any CPU.ActiveCfg = Debug|Any CPU
		{A33DD189-F87C-7375-343D-E70496428AC8}.Debug|Any CPU.Build.0 = Debug|Any CPU
		{A33DD189-F87C-7375-343D-E70496428AC8}.Release|Any CPU.ActiveCfg = Release|Any CPU
		{A33DD189-F87C-7375-343D-E70496428AC8}.Release|Any CPU.Build.0 = Release|Any CPU
		{C2CF1F21-DF37-B655-34F0-BA985ECC1538}.Debug|Any CPU.ActiveCfg = Debug|Any CPU
		{C2CF1F21-DF37-B655-34F0-BA985ECC1538}.Debug|Any CPU.Build.0 = Debug|Any CPU
		{C2CF1F21-DF37-B655-34F0-BA985ECC1538}.Release|Any CPU.ActiveCfg = Release|Any CPU
		{C2CF1F21-DF37-B655-34F0-BA985ECC1538}.Release|Any CPU.Build.0 = Release|Any CPU
		{AE52B9AF-D9BA-94DA-54B8-04B5DAD36CA2}.Debug|Any CPU.ActiveCfg = Debug|Any CPU
		{AE52B9AF-D9BA-94DA-54B8-04B5DAD36CA2}.Debug|Any CPU.Build.0 = Debug|Any CPU
		{AE52B9AF-D9BA-94DA-54B8-04B5DAD36CA2}.Release|Any CPU.ActiveCfg = Release|Any CPU
		{AE52B9AF-D9BA-94DA-54B8-04B5DAD36CA2}.Release|Any CPU.Build.0 = Release|Any CPU
		{C112AE9E-EA17-55B8-AB4D-404B92D89B52}.Debug|Any CPU.ActiveCfg = Debug|Any CPU
		{C112AE9E-EA17-55B8-AB4D-404B92D89B52}.Debug|Any CPU.Build.0 = Debug|Any CPU
		{C112AE9E-EA17-55B8-AB4D-404B92D89B52}.Release|Any CPU.ActiveCfg = Release|Any CPU
		{C112AE9E-EA17-55B8-AB4D-404B92D89B52}.Release|Any CPU.Build.0 = Release|Any CPU
		{0D2253BA-4155-4149-0EA5-A0B0155CE958}.Debug|Any CPU.ActiveCfg = Debug|Any CPU
		{0D2253BA-4155-4149-0EA5-A0B0155CE958}.Debug|Any CPU.Build.0 = Debug|Any CPU
		{0D2253BA-4155-4149-0EA5-A0B0155CE958}.Release|Any CPU.ActiveCfg = Release|Any CPU
		{0D2253BA-4155-4149-0EA5-A0B0155CE958}.Release|Any CPU.Build.0 = Release|Any CPU
		{E96FCDBF-B7FA-252D-202F-E580E85F5A1F}.Debug|Any CPU.ActiveCfg = Debug|Any CPU
		{E96FCDBF-B7FA-252D-202F-E580E85F5A1F}.Debug|Any CPU.Build.0 = Debug|Any CPU
		{E96FCDBF-B7FA-252D-202F-E580E85F5A1F}.Release|Any CPU.ActiveCfg = Release|Any CPU
		{E96FCDBF-B7FA-252D-202F-E580E85F5A1F}.Release|Any CPU.Build.0 = Release|Any CPU
		{7412F5A6-C727-5CEF-BA62-B04F06C1382A}.Debug|Any CPU.ActiveCfg = Debug|Any CPU
		{7412F5A6-C727-5CEF-BA62-B04F06C1382A}.Debug|Any CPU.Build.0 = Debug|Any CPU
		{7412F5A6-C727-5CEF-BA62-B04F06C1382A}.Release|Any CPU.ActiveCfg = Release|Any CPU
		{7412F5A6-C727-5CEF-BA62-B04F06C1382A}.Release|Any CPU.Build.0 = Release|Any CPU
		{A5DFE2E3-4C8A-7430-56F9-99E7BBC4B4AB}.Debug|Any CPU.ActiveCfg = Debug|Any CPU
		{A5DFE2E3-4C8A-7430-56F9-99E7BBC4B4AB}.Debug|Any CPU.Build.0 = Debug|Any CPU
		{A5DFE2E3-4C8A-7430-56F9-99E7BBC4B4AB}.Release|Any CPU.ActiveCfg = Release|Any CPU
		{A5DFE2E3-4C8A-7430-56F9-99E7BBC4B4AB}.Release|Any CPU.Build.0 = Release|Any CPU
		{2606924A-82C2-A973-4C85-3A0DD30BCAD7}.Debug|Any CPU.ActiveCfg = Debug|Any CPU
		{2606924A-82C2-A973-4C85-3A0DD30BCAD7}.Debug|Any CPU.Build.0 = Debug|Any CPU
		{2606924A-82C2-A973-4C85-3A0DD30BCAD7}.Release|Any CPU.ActiveCfg = Release|Any CPU
		{2606924A-82C2-A973-4C85-3A0DD30BCAD7}.Release|Any CPU.Build.0 = Release|Any CPU
		{4F4F2E47-87EA-A1A8-4F1F-C97CC25DBE5B}.Debug|Any CPU.ActiveCfg = Debug|Any CPU
		{4F4F2E47-87EA-A1A8-4F1F-C97CC25DBE5B}.Debug|Any CPU.Build.0 = Debug|Any CPU
		{4F4F2E47-87EA-A1A8-4F1F-C97CC25DBE5B}.Release|Any CPU.ActiveCfg = Release|Any CPU
		{4F4F2E47-87EA-A1A8-4F1F-C97CC25DBE5B}.Release|Any CPU.Build.0 = Release|Any CPU
		{AF7C8EE5-57B6-81BF-ED7B-BB2242D1AD20}.Debug|Any CPU.ActiveCfg = Debug|Any CPU
		{AF7C8EE5-57B6-81BF-ED7B-BB2242D1AD20}.Debug|Any CPU.Build.0 = Debug|Any CPU
		{AF7C8EE5-57B6-81BF-ED7B-BB2242D1AD20}.Release|Any CPU.ActiveCfg = Release|Any CPU
		{AF7C8EE5-57B6-81BF-ED7B-BB2242D1AD20}.Release|Any CPU.Build.0 = Release|Any CPU
		{7C8A97F7-5C75-A82B-2D02-E6375C101A6B}.Debug|Any CPU.ActiveCfg = Debug|Any CPU
		{7C8A97F7-5C75-A82B-2D02-E6375C101A6B}.Debug|Any CPU.Build.0 = Debug|Any CPU
		{7C8A97F7-5C75-A82B-2D02-E6375C101A6B}.Release|Any CPU.ActiveCfg = Release|Any CPU
		{7C8A97F7-5C75-A82B-2D02-E6375C101A6B}.Release|Any CPU.Build.0 = Release|Any CPU
		{AC263D29-654E-3811-B9AD-8C8B04CDB363}.Debug|Any CPU.ActiveCfg = Debug|Any CPU
		{AC263D29-654E-3811-B9AD-8C8B04CDB363}.Debug|Any CPU.Build.0 = Debug|Any CPU
		{AC263D29-654E-3811-B9AD-8C8B04CDB363}.Release|Any CPU.ActiveCfg = Release|Any CPU
		{AC263D29-654E-3811-B9AD-8C8B04CDB363}.Release|Any CPU.Build.0 = Release|Any CPU
		{70789F22-CA5B-E84A-A56C-DC7D0CEA91C4}.Debug|Any CPU.ActiveCfg = Debug|Any CPU
		{70789F22-CA5B-E84A-A56C-DC7D0CEA91C4}.Debug|Any CPU.Build.0 = Debug|Any CPU
		{70789F22-CA5B-E84A-A56C-DC7D0CEA91C4}.Release|Any CPU.ActiveCfg = Release|Any CPU
		{70789F22-CA5B-E84A-A56C-DC7D0CEA91C4}.Release|Any CPU.Build.0 = Release|Any CPU
		{250DA6ED-84DA-93C9-9727-EE8C4754F4D0}.Debug|Any CPU.ActiveCfg = Debug|Any CPU
		{250DA6ED-84DA-93C9-9727-EE8C4754F4D0}.Debug|Any CPU.Build.0 = Debug|Any CPU
		{250DA6ED-84DA-93C9-9727-EE8C4754F4D0}.Release|Any CPU.ActiveCfg = Release|Any CPU
		{250DA6ED-84DA-93C9-9727-EE8C4754F4D0}.Release|Any CPU.Build.0 = Release|Any CPU
		{E9191B78-84B5-AB19-3724-987190CF62E3}.Debug|Any CPU.ActiveCfg = Debug|Any CPU
		{E9191B78-84B5-AB19-3724-987190CF62E3}.Debug|Any CPU.Build.0 = Debug|Any CPU
		{E9191B78-84B5-AB19-3724-987190CF62E3}.Release|Any CPU.ActiveCfg = Release|Any CPU
		{E9191B78-84B5-AB19-3724-987190CF62E3}.Release|Any CPU.Build.0 = Release|Any CPU
		{477A6E69-AD6B-725C-64CD-CBB73144060D}.Debug|Any CPU.ActiveCfg = Debug|Any CPU
		{477A6E69-AD6B-725C-64CD-CBB73144060D}.Debug|Any CPU.Build.0 = Debug|Any CPU
		{477A6E69-AD6B-725C-64CD-CBB73144060D}.Release|Any CPU.ActiveCfg = Release|Any CPU
		{477A6E69-AD6B-725C-64CD-CBB73144060D}.Release|Any CPU.Build.0 = Release|Any CPU
		{C2151D69-6748-D0D1-D0F4-847CFC64B241}.Debug|Any CPU.ActiveCfg = Debug|Any CPU
		{C2151D69-6748-D0D1-D0F4-847CFC64B241}.Debug|Any CPU.Build.0 = Debug|Any CPU
		{C2151D69-6748-D0D1-D0F4-847CFC64B241}.Release|Any CPU.ActiveCfg = Release|Any CPU
		{C2151D69-6748-D0D1-D0F4-847CFC64B241}.Release|Any CPU.Build.0 = Release|Any CPU
		{FE18FBA4-31F0-BFFD-4A9F-F67F7521DEDB}.Debug|Any CPU.ActiveCfg = Debug|Any CPU
		{FE18FBA4-31F0-BFFD-4A9F-F67F7521DEDB}.Debug|Any CPU.Build.0 = Debug|Any CPU
		{FE18FBA4-31F0-BFFD-4A9F-F67F7521DEDB}.Release|Any CPU.ActiveCfg = Release|Any CPU
		{FE18FBA4-31F0-BFFD-4A9F-F67F7521DEDB}.Release|Any CPU.Build.0 = Release|Any CPU
		{9E6A56E2-01D4-4B81-820A-DD5E88B0421C}.Debug|Any CPU.ActiveCfg = Debug|Any CPU
		{9E6A56E2-01D4-4B81-820A-DD5E88B0421C}.Debug|Any CPU.Build.0 = Debug|Any CPU
		{9E6A56E2-01D4-4B81-820A-DD5E88B0421C}.Release|Any CPU.ActiveCfg = Release|Any CPU
		{9E6A56E2-01D4-4B81-820A-DD5E88B0421C}.Release|Any CPU.Build.0 = Release|Any CPU
		{48B2566C-4CAE-4843-98ED-AE04C6BC3991}.Debug|Any CPU.ActiveCfg = Debug|Any CPU
		{48B2566C-4CAE-4843-98ED-AE04C6BC3991}.Debug|Any CPU.Build.0 = Debug|Any CPU
		{48B2566C-4CAE-4843-98ED-AE04C6BC3991}.Release|Any CPU.ActiveCfg = Release|Any CPU
		{48B2566C-4CAE-4843-98ED-AE04C6BC3991}.Release|Any CPU.Build.0 = Release|Any CPU
		{9D808993-0810-44F6-875B-ECEFF63898F8}.Debug|Any CPU.ActiveCfg = Debug|Any CPU
		{9D808993-0810-44F6-875B-ECEFF63898F8}.Debug|Any CPU.Build.0 = Debug|Any CPU
		{9D808993-0810-44F6-875B-ECEFF63898F8}.Release|Any CPU.ActiveCfg = Release|Any CPU
		{9D808993-0810-44F6-875B-ECEFF63898F8}.Release|Any CPU.Build.0 = Release|Any CPU
		{8595DC74-0E52-431B-BE33-1CB1ABE9FB24}.Debug|Any CPU.ActiveCfg = Debug|Any CPU
		{8595DC74-0E52-431B-BE33-1CB1ABE9FB24}.Debug|Any CPU.Build.0 = Debug|Any CPU
		{8595DC74-0E52-431B-BE33-1CB1ABE9FB24}.Release|Any CPU.ActiveCfg = Release|Any CPU
		{8595DC74-0E52-431B-BE33-1CB1ABE9FB24}.Release|Any CPU.Build.0 = Release|Any CPU
		{56C64341-BA81-40C1-A70F-C5F34C983B36}.Debug|Any CPU.ActiveCfg = Debug|Any CPU
		{56C64341-BA81-40C1-A70F-C5F34C983B36}.Debug|Any CPU.Build.0 = Debug|Any CPU
		{56C64341-BA81-40C1-A70F-C5F34C983B36}.Release|Any CPU.ActiveCfg = Release|Any CPU
		{56C64341-BA81-40C1-A70F-C5F34C983B36}.Release|Any CPU.Build.0 = Release|Any CPU
		{925788D0-505D-46E3-B2CF-25506953913F}.Debug|Any CPU.ActiveCfg = Debug|Any CPU
		{925788D0-505D-46E3-B2CF-25506953913F}.Debug|Any CPU.Build.0 = Debug|Any CPU
		{925788D0-505D-46E3-B2CF-25506953913F}.Release|Any CPU.ActiveCfg = Release|Any CPU
		{925788D0-505D-46E3-B2CF-25506953913F}.Release|Any CPU.Build.0 = Release|Any CPU
		{6A3B239E-26FE-C630-B4CA-4DEC1A313391}.Debug|Any CPU.ActiveCfg = Debug|Any CPU
		{6A3B239E-26FE-C630-B4CA-4DEC1A313391}.Debug|Any CPU.Build.0 = Debug|Any CPU
		{6A3B239E-26FE-C630-B4CA-4DEC1A313391}.Release|Any CPU.ActiveCfg = Release|Any CPU
		{6A3B239E-26FE-C630-B4CA-4DEC1A313391}.Release|Any CPU.Build.0 = Release|Any CPU
		{AC85618E-9FD0-4808-9ED1-C6973798FF10}.Debug|Any CPU.ActiveCfg = Debug|Any CPU
		{AC85618E-9FD0-4808-9ED1-C6973798FF10}.Debug|Any CPU.Build.0 = Debug|Any CPU
		{AC85618E-9FD0-4808-9ED1-C6973798FF10}.Release|Any CPU.ActiveCfg = Release|Any CPU
		{AC85618E-9FD0-4808-9ED1-C6973798FF10}.Release|Any CPU.Build.0 = Release|Any CPU
		{A04EE6F2-167B-4BFB-BDE5-8E74C79AE792}.Debug|Any CPU.ActiveCfg = Debug|Any CPU
		{A04EE6F2-167B-4BFB-BDE5-8E74C79AE792}.Debug|Any CPU.Build.0 = Debug|Any CPU
		{A04EE6F2-167B-4BFB-BDE5-8E74C79AE792}.Release|Any CPU.ActiveCfg = Release|Any CPU
		{A04EE6F2-167B-4BFB-BDE5-8E74C79AE792}.Release|Any CPU.Build.0 = Release|Any CPU
		{5852FA23-E5C5-4969-9534-1803CF5CBC15}.Debug|Any CPU.ActiveCfg = Debug|Any CPU
		{5852FA23-E5C5-4969-9534-1803CF5CBC15}.Debug|Any CPU.Build.0 = Debug|Any CPU
		{5852FA23-E5C5-4969-9534-1803CF5CBC15}.Release|Any CPU.ActiveCfg = Release|Any CPU
		{5852FA23-E5C5-4969-9534-1803CF5CBC15}.Release|Any CPU.Build.0 = Release|Any CPU
		{7F3BA5BA-937B-4581-AF15-530278540176}.Debug|Any CPU.ActiveCfg = Debug|Any CPU
		{7F3BA5BA-937B-4581-AF15-530278540176}.Debug|Any CPU.Build.0 = Debug|Any CPU
		{7F3BA5BA-937B-4581-AF15-530278540176}.Release|Any CPU.ActiveCfg = Release|Any CPU
		{7F3BA5BA-937B-4581-AF15-530278540176}.Release|Any CPU.Build.0 = Release|Any CPU
		{4F7FBCAA-F71A-4074-A6CB-B338622BCB7A}.Debug|Any CPU.ActiveCfg = Debug|Any CPU
		{4F7FBCAA-F71A-4074-A6CB-B338622BCB7A}.Debug|Any CPU.Build.0 = Debug|Any CPU
		{4F7FBCAA-F71A-4074-A6CB-B338622BCB7A}.Release|Any CPU.ActiveCfg = Release|Any CPU
		{4F7FBCAA-F71A-4074-A6CB-B338622BCB7A}.Release|Any CPU.Build.0 = Release|Any CPU
		{8A016942-A48E-41AD-8EF2-8FD3F4F2C5AF}.Debug|Any CPU.ActiveCfg = Debug|Any CPU
		{8A016942-A48E-41AD-8EF2-8FD3F4F2C5AF}.Debug|Any CPU.Build.0 = Debug|Any CPU
		{8A016942-A48E-41AD-8EF2-8FD3F4F2C5AF}.Release|Any CPU.ActiveCfg = Release|Any CPU
		{8A016942-A48E-41AD-8EF2-8FD3F4F2C5AF}.Release|Any CPU.Build.0 = Release|Any CPU
		{F877BFD9-4716-49D3-A8F3-979AA1E99A11}.Debug|Any CPU.ActiveCfg = Debug|Any CPU
		{F877BFD9-4716-49D3-A8F3-979AA1E99A11}.Debug|Any CPU.Build.0 = Debug|Any CPU
		{F877BFD9-4716-49D3-A8F3-979AA1E99A11}.Release|Any CPU.ActiveCfg = Release|Any CPU
		{F877BFD9-4716-49D3-A8F3-979AA1E99A11}.Release|Any CPU.Build.0 = Release|Any CPU
		{D98E4C96-732A-4B5E-8FAC-36BE0D5A8041}.Debug|Any CPU.ActiveCfg = Debug|Any CPU
		{D98E4C96-732A-4B5E-8FAC-36BE0D5A8041}.Debug|Any CPU.Build.0 = Debug|Any CPU
		{D98E4C96-732A-4B5E-8FAC-36BE0D5A8041}.Release|Any CPU.ActiveCfg = Release|Any CPU
		{D98E4C96-732A-4B5E-8FAC-36BE0D5A8041}.Release|Any CPU.Build.0 = Release|Any CPU
		{95A5C1A4-F464-47DA-A6AC-924245363386}.Debug|Any CPU.ActiveCfg = Debug|Any CPU
		{95A5C1A4-F464-47DA-A6AC-924245363386}.Debug|Any CPU.Build.0 = Debug|Any CPU
		{95A5C1A4-F464-47DA-A6AC-924245363386}.Release|Any CPU.ActiveCfg = Release|Any CPU
		{95A5C1A4-F464-47DA-A6AC-924245363386}.Release|Any CPU.Build.0 = Release|Any CPU
		{A6CB86C4-C99D-44AC-8775-63DEF5C1F03D}.Debug|Any CPU.ActiveCfg = Debug|Any CPU
		{A6CB86C4-C99D-44AC-8775-63DEF5C1F03D}.Debug|Any CPU.Build.0 = Debug|Any CPU
		{A6CB86C4-C99D-44AC-8775-63DEF5C1F03D}.Release|Any CPU.ActiveCfg = Release|Any CPU
		{A6CB86C4-C99D-44AC-8775-63DEF5C1F03D}.Release|Any CPU.Build.0 = Release|Any CPU
		{1BB7981C-1EEA-48C3-8450-70367F84633D}.Debug|Any CPU.ActiveCfg = Debug|Any CPU
		{1BB7981C-1EEA-48C3-8450-70367F84633D}.Debug|Any CPU.Build.0 = Debug|Any CPU
		{1BB7981C-1EEA-48C3-8450-70367F84633D}.Release|Any CPU.ActiveCfg = Release|Any CPU
		{1BB7981C-1EEA-48C3-8450-70367F84633D}.Release|Any CPU.Build.0 = Release|Any CPU
		{6B5C86FC-F8F6-46C1-9465-8E374FA6B07C}.Debug|Any CPU.ActiveCfg = Debug|Any CPU
		{6B5C86FC-F8F6-46C1-9465-8E374FA6B07C}.Debug|Any CPU.Build.0 = Debug|Any CPU
		{6B5C86FC-F8F6-46C1-9465-8E374FA6B07C}.Release|Any CPU.ActiveCfg = Release|Any CPU
		{6B5C86FC-F8F6-46C1-9465-8E374FA6B07C}.Release|Any CPU.Build.0 = Release|Any CPU
		{5677F0EA-3564-472A-B109-E27BED4A30FD}.Debug|Any CPU.ActiveCfg = Debug|Any CPU
		{5677F0EA-3564-472A-B109-E27BED4A30FD}.Debug|Any CPU.Build.0 = Debug|Any CPU
		{5677F0EA-3564-472A-B109-E27BED4A30FD}.Release|Any CPU.ActiveCfg = Release|Any CPU
		{5677F0EA-3564-472A-B109-E27BED4A30FD}.Release|Any CPU.Build.0 = Release|Any CPU
	EndGlobalSection
	GlobalSection(SolutionProperties) = preSolution
		HideSolutionNode = FALSE
	EndGlobalSection
	GlobalSection(ExtensibilityGlobals) = postSolution
		SolutionGuid = {E54A7A2C-5D4A-4CF8-910C-5E0BB3187A3F}
	EndGlobalSection
EndGlobal
